// !$*UTF8*$!
{
	archiveVersion = 1;
	classes = {
	};
	objectVersion = 46;
	objects = {

/* Begin PBXBuildFile section */
		F16247401F1491E300968E92 /* peopleModel.m in Sources */ = {isa = PBXBuildFile; fileRef = F162473F1F1491E300968E92 /* peopleModel.m */; };
		F16247441F14924A00968E92 /* peopleViewModel.m in Sources */ = {isa = PBXBuildFile; fileRef = F16247431F14924A00968E92 /* peopleViewModel.m */; };
		F16247481F14B18900968E92 /* peopelDataSource.m in Sources */ = {isa = PBXBuildFile; fileRef = F16247471F14B18900968E92 /* peopelDataSource.m */; };
		F1F2889C1F139890001B33CE /* main.m in Sources */ = {isa = PBXBuildFile; fileRef = F1F2889B1F139890001B33CE /* main.m */; };
		F1F2889F1F139890001B33CE /* AppDelegate.m in Sources */ = {isa = PBXBuildFile; fileRef = F1F2889E1F139890001B33CE /* AppDelegate.m */; };
		F1F288A21F139891001B33CE /* ViewController.m in Sources */ = {isa = PBXBuildFile; fileRef = F1F288A11F139891001B33CE /* ViewController.m */; };
		F1F288A51F139891001B33CE /* Main.storyboard in Resources */ = {isa = PBXBuildFile; fileRef = F1F288A31F139891001B33CE /* Main.storyboard */; };
		F1F288A71F139891001B33CE /* Assets.xcassets in Resources */ = {isa = PBXBuildFile; fileRef = F1F288A61F139891001B33CE /* Assets.xcassets */; };
		F1F288AA1F139891001B33CE /* LaunchScreen.storyboard in Resources */ = {isa = PBXBuildFile; fileRef = F1F288A81F139891001B33CE /* LaunchScreen.storyboard */; };
		F1F288B41F1398F9001B33CE /* NetworkConnectionHandler.m in Sources */ = {isa = PBXBuildFile; fileRef = F1F288B31F1398F9001B33CE /* NetworkConnectionHandler.m */; };
/* End PBXBuildFile section */

/* Begin PBXFileReference section */
		F162473E1F1491E300968E92 /* peopleModel.h */ = {isa = PBXFileReference; fileEncoding = 4; lastKnownFileType = sourcecode.c.h; path = peopleModel.h; sourceTree = "<group>"; };
		F162473F1F1491E300968E92 /* peopleModel.m */ = {isa = PBXFileReference; fileEncoding = 4; lastKnownFileType = sourcecode.c.objc; path = peopleModel.m; sourceTree = "<group>"; };
		F16247421F14924A00968E92 /* peopleViewModel.h */ = {isa = PBXFileReference; fileEncoding = 4; lastKnownFileType = sourcecode.c.h; path = peopleViewModel.h; sourceTree = "<group>"; };
		F16247431F14924A00968E92 /* peopleViewModel.m */ = {isa = PBXFileReference; fileEncoding = 4; lastKnownFileType = sourcecode.c.objc; path = peopleViewModel.m; sourceTree = "<group>"; };
		F16247461F14B18900968E92 /* peopelDataSource.h */ = {isa = PBXFileReference; fileEncoding = 4; lastKnownFileType = sourcecode.c.h; path = peopelDataSource.h; sourceTree = "<group>"; };
		F16247471F14B18900968E92 /* peopelDataSource.m */ = {isa = PBXFileReference; fileEncoding = 4; lastKnownFileType = sourcecode.c.objc; path = peopelDataSource.m; sourceTree = "<group>"; };
		F1F288971F139890001B33CE /* networkcoomon.app */ = {isa = PBXFileReference; explicitFileType = wrapper.application; includeInIndex = 0; path = networkcoomon.app; sourceTree = BUILT_PRODUCTS_DIR; };
		F1F2889B1F139890001B33CE /* main.m */ = {isa = PBXFileReference; lastKnownFileType = sourcecode.c.objc; path = main.m; sourceTree = "<group>"; };
		F1F2889D1F139890001B33CE /* AppDelegate.h */ = {isa = PBXFileReference; lastKnownFileType = sourcecode.c.h; path = AppDelegate.h; sourceTree = "<group>"; };
		F1F2889E1F139890001B33CE /* AppDelegate.m */ = {isa = PBXFileReference; lastKnownFileType = sourcecode.c.objc; path = AppDelegate.m; sourceTree = "<group>"; };
		F1F288A01F139890001B33CE /* ViewController.h */ = {isa = PBXFileReference; lastKnownFileType = sourcecode.c.h; path = ViewController.h; sourceTree = "<group>"; };
		F1F288A11F139891001B33CE /* ViewController.m */ = {isa = PBXFileReference; lastKnownFileType = sourcecode.c.objc; path = ViewController.m; sourceTree = "<group>"; };
		F1F288A41F139891001B33CE /* Base */ = {isa = PBXFileReference; lastKnownFileType = file.storyboard; name = Base; path = Base.lproj/Main.storyboard; sourceTree = "<group>"; };
		F1F288A61F139891001B33CE /* Assets.xcassets */ = {isa = PBXFileReference; lastKnownFileType = folder.assetcatalog; path = Assets.xcassets; sourceTree = "<group>"; };
		F1F288A91F139891001B33CE /* Base */ = {isa = PBXFileReference; lastKnownFileType = file.storyboard; name = Base; path = Base.lproj/LaunchScreen.storyboard; sourceTree = "<group>"; };
		F1F288AB1F139891001B33CE /* Info.plist */ = {isa = PBXFileReference; lastKnownFileType = text.plist.xml; path = Info.plist; sourceTree = "<group>"; };
		F1F288B21F1398F9001B33CE /* NetworkConnectionHandler.h */ = {isa = PBXFileReference; fileEncoding = 4; lastKnownFileType = sourcecode.c.h; path = NetworkConnectionHandler.h; sourceTree = "<group>"; };
		F1F288B31F1398F9001B33CE /* NetworkConnectionHandler.m */ = {isa = PBXFileReference; fileEncoding = 4; lastKnownFileType = sourcecode.c.objc; path = NetworkConnectionHandler.m; sourceTree = "<group>"; };
/* End PBXFileReference section */

/* Begin PBXFrameworksBuildPhase section */
		F1F288941F139890001B33CE /* Frameworks */ = {
			isa = PBXFrameworksBuildPhase;
			buildActionMask = 2147483647;
			files = (
			);
			runOnlyForDeploymentPostprocessing = 0;
		};
/* End PBXFrameworksBuildPhase section */

/* Begin PBXGroup section */
		F162473D1F148E7D00968E92 /* Model */ = {
			isa = PBXGroup;
			children = (
				F162473E1F1491E300968E92 /* peopleModel.h */,
				F162473F1F1491E300968E92 /* peopleModel.m */,
				F16247411F14923800968E92 /* ModelView */,
			);
			name = Model;
			sourceTree = "<group>";
		};
		F16247411F14923800968E92 /* ModelView */ = {
			isa = PBXGroup;
			children = (
				F16247421F14924A00968E92 /* peopleViewModel.h */,
				F16247431F14924A00968E92 /* peopleViewModel.m */,
			);
			name = ModelView;
			sourceTree = "<group>";
		};
		F16247451F14AEB900968E92 /* DataSource */ = {
			isa = PBXGroup;
			children = (
				F16247461F14B18900968E92 /* peopelDataSource.h */,
				F16247471F14B18900968E92 /* peopelDataSource.m */,
			);
			name = DataSource;
			sourceTree = "<group>";
		};
		F1F2888E1F13988F001B33CE = {
			isa = PBXGroup;
			children = (
				F1F288991F139890001B33CE /* networkcoomon */,
				F1F288981F139890001B33CE /* Products */,
			);
			sourceTree = "<group>";
		};
		F1F288981F139890001B33CE /* Products */ = {
			isa = PBXGroup;
			children = (
				F1F288971F139890001B33CE /* networkcoomon.app */,
			);
			name = Products;
			sourceTree = "<group>";
		};
		F1F288991F139890001B33CE /* networkcoomon */ = {
			isa = PBXGroup;
			children = (
				F1F2889D1F139890001B33CE /* AppDelegate.h */,
				F1F2889E1F139890001B33CE /* AppDelegate.m */,
				F162473D1F148E7D00968E92 /* Model */,
				F1F288B11F1398A0001B33CE /* Network */,
				F16247451F14AEB900968E92 /* DataSource */,
				F1F288A01F139890001B33CE /* ViewController.h */,
				F1F288A11F139891001B33CE /* ViewController.m */,
				F1F288A31F139891001B33CE /* Main.storyboard */,
				F1F288A61F139891001B33CE /* Assets.xcassets */,
				F1F288A81F139891001B33CE /* LaunchScreen.storyboard */,
				F1F288AB1F139891001B33CE /* Info.plist */,
				F1F2889A1F139890001B33CE /* Supporting Files */,
			);
			path = networkcoomon;
			sourceTree = "<group>";
		};
		F1F2889A1F139890001B33CE /* Supporting Files */ = {
			isa = PBXGroup;
			children = (
				F1F2889B1F139890001B33CE /* main.m */,
			);
			name = "Supporting Files";
			sourceTree = "<group>";
		};
		F1F288B11F1398A0001B33CE /* Network */ = {
			isa = PBXGroup;
			children = (
				F1F288B21F1398F9001B33CE /* NetworkConnectionHandler.h */,
				F1F288B31F1398F9001B33CE /* NetworkConnectionHandler.m */,
			);
			name = Network;
			sourceTree = "<group>";
		};
/* End PBXGroup section */

/* Begin PBXNativeTarget section */
		F1F288961F139890001B33CE /* networkcoomon */ = {
			isa = PBXNativeTarget;
			buildConfigurationList = F1F288AE1F139891001B33CE /* Build configuration list for PBXNativeTarget "networkcoomon" */;
			buildPhases = (
				F1F288931F139890001B33CE /* Sources */,
				F1F288941F139890001B33CE /* Frameworks */,
				F1F288951F139890001B33CE /* Resources */,
			);
			buildRules = (
			);
			dependencies = (
			);
			name = networkcoomon;
			productName = networkcoomon;
			productReference = F1F288971F139890001B33CE /* networkcoomon.app */;
			productType = "com.apple.product-type.application";
		};
/* End PBXNativeTarget section */

/* Begin PBXProject section */
		F1F2888F1F13988F001B33CE /* Project object */ = {
			isa = PBXProject;
			attributes = {
				LastUpgradeCheck = 0830;
				ORGANIZATIONNAME = CNSoftNet;
				TargetAttributes = {
					F1F288961F139890001B33CE = {
						CreatedOnToolsVersion = 8.3.3;
						DevelopmentTeam = 9C44HYA8X6;
						ProvisioningStyle = Automatic;
					};
				};
			};
			buildConfigurationList = F1F288921F13988F001B33CE /* Build configuration list for PBXProject "networkcoomon" */;
			compatibilityVersion = "Xcode 3.2";
			developmentRegion = English;
			hasScannedForEncodings = 0;
			knownRegions = (
				en,
				Base,
			);
			mainGroup = F1F2888E1F13988F001B33CE;
			productRefGroup = F1F288981F139890001B33CE /* Products */;
			projectDirPath = "";
			projectRoot = "";
			targets = (
				F1F288961F139890001B33CE /* networkcoomon */,
			);
		};
/* End PBXProject section */

/* Begin PBXResourcesBuildPhase section */
		F1F288951F139890001B33CE /* Resources */ = {
			isa = PBXResourcesBuildPhase;
			buildActionMask = 2147483647;
			files = (
				F1F288AA1F139891001B33CE /* LaunchScreen.storyboard in Resources */,
				F1F288A71F139891001B33CE /* Assets.xcassets in Resources */,
				F1F288A51F139891001B33CE /* Main.storyboard in Resources */,
			);
			runOnlyForDeploymentPostprocessing = 0;
		};
/* End PBXResourcesBuildPhase section */

/* Begin PBXSourcesBuildPhase section */
		F1F288931F139890001B33CE /* Sources */ = {
			isa = PBXSourcesBuildPhase;
			buildActionMask = 2147483647;
			files = (
				F1F288A21F139891001B33CE /* ViewController.m in Sources */,
				F16247401F1491E300968E92 /* peopleModel.m in Sources */,
				F1F288B41F1398F9001B33CE /* NetworkConnectionHandler.m in Sources */,
				F16247481F14B18900968E92 /* peopelDataSource.m in Sources */,
				F16247441F14924A00968E92 /* peopleViewModel.m in Sources */,
				F1F2889F1F139890001B33CE /* AppDelegate.m in Sources */,
				F1F2889C1F139890001B33CE /* main.m in Sources */,
			);
			runOnlyForDeploymentPostprocessing = 0;
		};
/* End PBXSourcesBuildPhase section */

/* Begin PBXVariantGroup section */
		F1F288A31F139891001B33CE /* Main.storyboard */ = {
			isa = PBXVariantGroup;
			children = (
				F1F288A41F139891001B33CE /* Base */,
			);
			name = Main.storyboard;
			sourceTree = "<group>";
		};
		F1F288A81F139891001B33CE /* LaunchScreen.storyboard */ = {
			isa = PBXVariantGroup;
			children = (
				F1F288A91F139891001B33CE /* Base */,
			);
			name = LaunchScreen.storyboard;
			sourceTree = "<group>";
		};
/* End PBXVariantGroup section */

/* Begin XCBuildConfiguration section */
		F1F288AC1F139891001B33CE /* Debug */ = {
			isa = XCBuildConfiguration;
			buildSettings = {
				ALWAYS_SEARCH_USER_PATHS = NO;
				CLANG_ANALYZER_NONNULL = YES;
				CLANG_ANALYZER_NUMBER_OBJECT_CONVERSION = YES_AGGRESSIVE;
				CLANG_CXX_LANGUAGE_STANDARD = "gnu++0x";
				CLANG_CXX_LIBRARY = "libc++";
				CLANG_ENABLE_MODULES = YES;
				CLANG_ENABLE_OBJC_ARC = YES;
				CLANG_WARN_BOOL_CONVERSION = YES;
				CLANG_WARN_CONSTANT_CONVERSION = YES;
				CLANG_WARN_DIRECT_OBJC_ISA_USAGE = YES_ERROR;
				CLANG_WARN_DOCUMENTATION_COMMENTS = YES;
				CLANG_WARN_EMPTY_BODY = YES;
				CLANG_WARN_ENUM_CONVERSION = YES;
				CLANG_WARN_INFINITE_RECURSION = YES;
				CLANG_WARN_INT_CONVERSION = YES;
				CLANG_WARN_OBJC_ROOT_CLASS = YES_ERROR;
				CLANG_WARN_SUSPICIOUS_MOVE = YES;
				CLANG_WARN_UNREACHABLE_CODE = YES;
				CLANG_WARN__DUPLICATE_METHOD_MATCH = YES;
				"CODE_SIGN_IDENTITY[sdk=iphoneos*]" = "iPhone Developer";
				COPY_PHASE_STRIP = NO;
				DEBUG_INFORMATION_FORMAT = dwarf;
				ENABLE_STRICT_OBJC_MSGSEND = YES;
				ENABLE_TESTABILITY = YES;
				GCC_C_LANGUAGE_STANDARD = gnu99;
				GCC_DYNAMIC_NO_PIC = NO;
				GCC_NO_COMMON_BLOCKS = YES;
				GCC_OPTIMIZATION_LEVEL = 0;
				GCC_PREPROCESSOR_DEFINITIONS = (
					"DEBUG=1",
					"$(inherited)",
				);
				GCC_WARN_64_TO_32_BIT_CONVERSION = YES;
				GCC_WARN_ABOUT_RETURN_TYPE = YES_ERROR;
				GCC_WARN_UNDECLARED_SELECTOR = YES;
				GCC_WARN_UNINITIALIZED_AUTOS = YES_AGGRESSIVE;
				GCC_WARN_UNUSED_FUNCTION = YES;
				GCC_WARN_UNUSED_VARIABLE = YES;
				IPHONEOS_DEPLOYMENT_TARGET = 10.3;
				MTL_ENABLE_DEBUG_INFO = YES;
				ONLY_ACTIVE_ARCH = YES;
				SDKROOT = iphoneos;
				TARGETED_DEVICE_FAMILY = "1,2";
			};
			name = Debug;
		};
		F1F288AD1F139891001B33CE /* Release */ = {
			isa = XCBuildConfiguration;
			buildSettings = {
				ALWAYS_SEARCH_USER_PATHS = NO;
				CLANG_ANALYZER_NONNULL = YES;
				CLANG_ANALYZER_NUMBER_OBJECT_CONVERSION = YES_AGGRESSIVE;
				CLANG_CXX_LANGUAGE_STANDARD = "gnu++0x";
				CLANG_CXX_LIBRARY = "libc++";
				CLANG_ENABLE_MODULES = YES;
				CLANG_ENABLE_OBJC_ARC = YES;
				CLANG_WARN_BOOL_CONVERSION = YES;
				CLANG_WARN_CONSTANT_CONVERSION = YES;
				CLANG_WARN_DIRECT_OBJC_ISA_USAGE = YES_ERROR;
				CLANG_WARN_DOCUMENTATION_COMMENTS = YES;
				CLANG_WARN_EMPTY_BODY = YES;
				CLANG_WARN_ENUM_CONVERSION = YES;
				CLANG_WARN_INFINITE_RECURSION = YES;
				CLANG_WARN_INT_CONVERSION = YES;
				CLANG_WARN_OBJC_ROOT_CLASS = YES_ERROR;
				CLANG_WARN_SUSPICIOUS_MOVE = YES;
				CLANG_WARN_UNREACHABLE_CODE = YES;
				CLANG_WARN__DUPLICATE_METHOD_MATCH = YES;
				"CODE_SIGN_IDENTITY[sdk=iphoneos*]" = "iPhone Developer";
				COPY_PHASE_STRIP = NO;
				DEBUG_INFORMATION_FORMAT = "dwarf-with-dsym";
				ENABLE_NS_ASSERTIONS = NO;
				ENABLE_STRICT_OBJC_MSGSEND = YES;
				GCC_C_LANGUAGE_STANDARD = gnu99;
				GCC_NO_COMMON_BLOCKS = YES;
				GCC_WARN_64_TO_32_BIT_CONVERSION = YES;
				GCC_WARN_ABOUT_RETURN_TYPE = YES_ERROR;
				GCC_WARN_UNDECLARED_SELECTOR = YES;
				GCC_WARN_UNINITIALIZED_AUTOS = YES_AGGRESSIVE;
				GCC_WARN_UNUSED_FUNCTION = YES;
				GCC_WARN_UNUSED_VARIABLE = YES;
				IPHONEOS_DEPLOYMENT_TARGET = 10.3;
				MTL_ENABLE_DEBUG_INFO = NO;
				SDKROOT = iphoneos;
				TARGETED_DEVICE_FAMILY = "1,2";
				VALIDATE_PRODUCT = YES;
			};
			name = Release;
		};
		F1F288AF1F139891001B33CE /* Debug */ = {
			isa = XCBuildConfiguration;
			buildSettings = {
				ASSETCATALOG_COMPILER_APPICON_NAME = AppIcon;
				DEVELOPMENT_TEAM = 9C44HYA8X6;
				INFOPLIST_FILE = networkcoomon/Info.plist;
				LD_RUNPATH_SEARCH_PATHS = "$(inherited) @executable_path/Frameworks";
				PRODUCT_BUNDLE_IDENTIFIER = cm.cns.firepush.networkcoomon;
				PRODUCT_NAME = "$(TARGET_NAME)";
			};
			name = Debug;
		};
		F1F288B01F139891001B33CE /* Release */ = {
			isa = XCBuildConfiguration;
			buildSettings = {
				ASSETCATALOG_COMPILER_APPICON_NAME = AppIcon;
				DEVELOPMENT_TEAM = 9C44HYA8X6;
				INFOPLIST_FILE = networkcoomon/Info.plist;
				LD_RUNPATH_SEARCH_PATHS = "$(inherited) @executable_path/Frameworks";
				PRODUCT_BUNDLE_IDENTIFIER = cm.cns.firepush.networkcoomon;
				PRODUCT_NAME = "$(TARGET_NAME)";
			};
			name = Release;
		};
/* End XCBuildConfiguration section */

/* Begin XCConfigurationList section */
		F1F288921F13988F001B33CE /* Build configuration list for PBXProject "networkcoomon" */ = {
			isa = XCConfigurationList;
			buildConfigurations = (
				F1F288AC1F139891001B33CE /* Debug */,
				F1F288AD1F139891001B33CE /* Release */,
			);
			defaultConfigurationIsVisible = 0;
			defaultConfigurationName = Release;
		};
		F1F288AE1F139891001B33CE /* Build configuration list for PBXNativeTarget "networkcoomon" */ = {
			isa = XCConfigurationList;
			buildConfigurations = (
				F1F288AF1F139891001B33CE /* Debug */,
				F1F288B01F139891001B33CE /* Release */,
			);
			defaultConfigurationIsVisible = 0;
			defaultConfigurationName = Release;
		};
/* End XCConfigurationList section */
	};
	rootObject = F1F2888F1F13988F001B33CE /* Project object */;
}
