// !$*UTF8*$!
{
	archiveVersion = 1;
	classes = {
	};
	objectVersion = 46;
	objects = {

/* Begin PBXBuildFile section */
		4F7951291C86ED0000714108 /* main.m in Sources */ = {isa = PBXBuildFile; fileRef = 4F7951281C86ED0000714108 /* main.m */; };
		4F79512C1C86ED0000714108 /* AppDelegate.m in Sources */ = {isa = PBXBuildFile; fileRef = 4F79512B1C86ED0000714108 /* AppDelegate.m */; };
		4F7951341C86ED0000714108 /* Assets.xcassets in Resources */ = {isa = PBXBuildFile; fileRef = 4F7951331C86ED0000714108 /* Assets.xcassets */; };
		4F7951371C86ED0000714108 /* LaunchScreen.storyboard in Resources */ = {isa = PBXBuildFile; fileRef = 4F7951351C86ED0000714108 /* LaunchScreen.storyboard */; };
		4F7951491C86EE9000714108 /* MainViewController.m in Sources */ = {isa = PBXBuildFile; fileRef = 4F7951461C86EE9000714108 /* MainViewController.m */; };
		4F79514A1C86EE9000714108 /* MainViewController.xib in Resources */ = {isa = PBXBuildFile; fileRef = 4F7951471C86EE9000714108 /* MainViewController.xib */; };
		4FD424A21CA1371E00A2BEAE /* CounterPresenter.m in Sources */ = {isa = PBXBuildFile; fileRef = 4FD424A11CA1371E00A2BEAE /* CounterPresenter.m */; };
		4FD730691D1015B7009C0EE7 /* CounterRepository.m in Sources */ = {isa = PBXBuildFile; fileRef = 4FD730681D1015B7009C0EE7 /* CounterRepository.m */; };
/* End PBXBuildFile section */

/* Begin PBXFileReference section */
		4F7951241C86ED0000714108 /* ios_objc_mvp_example.app */ = {isa = PBXFileReference; explicitFileType = wrapper.application; includeInIndex = 0; path = ios_objc_mvp_example.app; sourceTree = BUILT_PRODUCTS_DIR; };
		4F7951281C86ED0000714108 /* main.m */ = {isa = PBXFileReference; lastKnownFileType = sourcecode.c.objc; path = main.m; sourceTree = "<group>"; };
		4F79512A1C86ED0000714108 /* AppDelegate.h */ = {isa = PBXFileReference; lastKnownFileType = sourcecode.c.h; path = AppDelegate.h; sourceTree = "<group>"; };
		4F79512B1C86ED0000714108 /* AppDelegate.m */ = {isa = PBXFileReference; lastKnownFileType = sourcecode.c.objc; path = AppDelegate.m; sourceTree = "<group>"; };
		4F7951331C86ED0000714108 /* Assets.xcassets */ = {isa = PBXFileReference; lastKnownFileType = folder.assetcatalog; path = Assets.xcassets; sourceTree = "<group>"; };
		4F7951361C86ED0000714108 /* Base */ = {isa = PBXFileReference; lastKnownFileType = file.storyboard; name = Base; path = Base.lproj/LaunchScreen.storyboard; sourceTree = "<group>"; };
		4F7951381C86ED0000714108 /* Info.plist */ = {isa = PBXFileReference; lastKnownFileType = text.plist.xml; path = Info.plist; sourceTree = "<group>"; };
		4F7951451C86EE9000714108 /* MainViewController.h */ = {isa = PBXFileReference; fileEncoding = 4; lastKnownFileType = sourcecode.c.h; path = MainViewController.h; sourceTree = "<group>"; };
		4F7951461C86EE9000714108 /* MainViewController.m */ = {isa = PBXFileReference; fileEncoding = 4; lastKnownFileType = sourcecode.c.objc; path = MainViewController.m; sourceTree = "<group>"; };
		4F7951471C86EE9000714108 /* MainViewController.xib */ = {isa = PBXFileReference; fileEncoding = 4; lastKnownFileType = file.xib; path = MainViewController.xib; sourceTree = "<group>"; };
		4FD4249E1CA134E200A2BEAE /* ICounterView.h */ = {isa = PBXFileReference; fileEncoding = 4; lastKnownFileType = sourcecode.c.h; path = ICounterView.h; sourceTree = "<group>"; };
		4FD4249F1CA1367400A2BEAE /* ICounterPresenter.h */ = {isa = PBXFileReference; fileEncoding = 4; lastKnownFileType = sourcecode.c.h; path = ICounterPresenter.h; sourceTree = "<group>"; };
		4FD424A01CA1371E00A2BEAE /* CounterPresenter.h */ = {isa = PBXFileReference; fileEncoding = 4; lastKnownFileType = sourcecode.c.h; path = CounterPresenter.h; sourceTree = "<group>"; };
		4FD424A11CA1371E00A2BEAE /* CounterPresenter.m */ = {isa = PBXFileReference; fileEncoding = 4; lastKnownFileType = sourcecode.c.objc; path = CounterPresenter.m; sourceTree = "<group>"; };
		4FD730671D10150B009C0EE7 /* ICounterRepository.h */ = {isa = PBXFileReference; fileEncoding = 4; lastKnownFileType = sourcecode.c.h; path = ICounterRepository.h; sourceTree = "<group>"; };
		4FD730681D1015B7009C0EE7 /* CounterRepository.m */ = {isa = PBXFileReference; fileEncoding = 4; lastKnownFileType = sourcecode.c.objc; path = CounterRepository.m; sourceTree = "<group>"; };
		4FD7306A1D1015CD009C0EE7 /* CounterRepository.h */ = {isa = PBXFileReference; lastKnownFileType = sourcecode.c.h; path = CounterRepository.h; sourceTree = "<group>"; };
/* End PBXFileReference section */

/* Begin PBXFrameworksBuildPhase section */
		4F7951211C86ED0000714108 /* Frameworks */ = {
			isa = PBXFrameworksBuildPhase;
			buildActionMask = 2147483647;
			files = (
			);
			runOnlyForDeploymentPostprocessing = 0;
		};
/* End PBXFrameworksBuildPhase section */

/* Begin PBXGroup section */
		4F79511B1C86ED0000714108 = {
			isa = PBXGroup;
			children = (
				4F7951261C86ED0000714108 /* ios_objc_mvp_example */,
				4F7951251C86ED0000714108 /* Products */,
			);
			sourceTree = "<group>";
		};
		4F7951251C86ED0000714108 /* Products */ = {
			isa = PBXGroup;
			children = (
				4F7951241C86ED0000714108 /* ios_objc_mvp_example.app */,
			);
			name = Products;
			sourceTree = "<group>";
		};
		4F7951261C86ED0000714108 /* ios_objc_mvp_example */ = {
			isa = PBXGroup;
			children = (
				4F79512A1C86ED0000714108 /* AppDelegate.h */,
				4F79512B1C86ED0000714108 /* AppDelegate.m */,
				4F7951441C86EE9000714108 /* ViewControllers */,
				4F7951481C86EE9000714108 /* Views */,
				4F7951431C86EE9000714108 /* Presenters */,
				4FD730661D1014C9009C0EE7 /* Repositories */,
				4F7951331C86ED0000714108 /* Assets.xcassets */,
				4F7951351C86ED0000714108 /* LaunchScreen.storyboard */,
				4F7951381C86ED0000714108 /* Info.plist */,
				4F7951271C86ED0000714108 /* Supporting Files */,
			);
			path = ios_objc_mvp_example;
			sourceTree = "<group>";
		};
		4F7951271C86ED0000714108 /* Supporting Files */ = {
			isa = PBXGroup;
			children = (
				4F7951281C86ED0000714108 /* main.m */,
			);
			name = "Supporting Files";
			sourceTree = "<group>";
		};
		4F7951431C86EE9000714108 /* Presenters */ = {
			isa = PBXGroup;
			children = (
				4FD4249F1CA1367400A2BEAE /* ICounterPresenter.h */,
				4FD424A01CA1371E00A2BEAE /* CounterPresenter.h */,
				4FD424A11CA1371E00A2BEAE /* CounterPresenter.m */,
			);
			path = Presenters;
			sourceTree = "<group>";
		};
		4F7951441C86EE9000714108 /* ViewControllers */ = {
			isa = PBXGroup;
			children = (
				4F7951451C86EE9000714108 /* MainViewController.h */,
				4F7951461C86EE9000714108 /* MainViewController.m */,
				4F7951471C86EE9000714108 /* MainViewController.xib */,
			);
			path = ViewControllers;
			sourceTree = "<group>";
		};
		4F7951481C86EE9000714108 /* Views */ = {
			isa = PBXGroup;
			children = (
				4FD4249E1CA134E200A2BEAE /* ICounterView.h */,
			);
			path = Views;
			sourceTree = "<group>";
		};
		4FD730661D1014C9009C0EE7 /* Repositories */ = {
			isa = PBXGroup;
			children = (
				4FD730671D10150B009C0EE7 /* ICounterRepository.h */,
				4FD7306A1D1015CD009C0EE7 /* CounterRepository.h */,
				4FD730681D1015B7009C0EE7 /* CounterRepository.m */,
			);
			path = Repositories;
			sourceTree = "<group>";
		};
/* End PBXGroup section */

/* Begin PBXNativeTarget section */
		4F7951231C86ED0000714108 /* ios_objc_mvp_example */ = {
			isa = PBXNativeTarget;
			buildConfigurationList = 4F79513B1C86ED0000714108 /* Build configuration list for PBXNativeTarget "ios_objc_mvp_example" */;
			buildPhases = (
				4F7951201C86ED0000714108 /* Sources */,
				4F7951211C86ED0000714108 /* Frameworks */,
				4F7951221C86ED0000714108 /* Resources */,
			);
			buildRules = (
			);
			dependencies = (
			);
			name = ios_objc_mvp_example;
			productName = ios_objc_mvp_example;
			productReference = 4F7951241C86ED0000714108 /* ios_objc_mvp_example.app */;
			productType = "com.apple.product-type.application";
		};
/* End PBXNativeTarget section */

/* Begin PBXProject section */
		4F79511C1C86ED0000714108 /* Project object */ = {
			isa = PBXProject;
			attributes = {
				LastUpgradeCheck = 0720;
				ORGANIZATIONNAME = "Luis Sánchez-Beato Frates";
				TargetAttributes = {
					4F7951231C86ED0000714108 = {
						CreatedOnToolsVersion = 7.2;
					};
				};
			};
			buildConfigurationList = 4F79511F1C86ED0000714108 /* Build configuration list for PBXProject "ios_objc_mvp_example" */;
			compatibilityVersion = "Xcode 3.2";
			developmentRegion = English;
			hasScannedForEncodings = 0;
			knownRegions = (
				en,
				Base,
			);
			mainGroup = 4F79511B1C86ED0000714108;
			productRefGroup = 4F7951251C86ED0000714108 /* Products */;
			projectDirPath = "";
			projectRoot = "";
			targets = (
				4F7951231C86ED0000714108 /* ios_objc_mvp_example */,
			);
		};
/* End PBXProject section */

/* Begin PBXResourcesBuildPhase section */
		4F7951221C86ED0000714108 /* Resources */ = {
			isa = PBXResourcesBuildPhase;
			buildActionMask = 2147483647;
			files = (
				4F7951371C86ED0000714108 /* LaunchScreen.storyboard in Resources */,
				4F79514A1C86EE9000714108 /* MainViewController.xib in Resources */,
				4F7951341C86ED0000714108 /* Assets.xcassets in Resources */,
			);
			runOnlyForDeploymentPostprocessing = 0;
		};
/* End PBXResourcesBuildPhase section */

/* Begin PBXSourcesBuildPhase section */
		4F7951201C86ED0000714108 /* Sources */ = {
			isa = PBXSourcesBuildPhase;
			buildActionMask = 2147483647;
			files = (
				4F79512C1C86ED0000714108 /* AppDelegate.m in Sources */,
				4FD424A21CA1371E00A2BEAE /* CounterPresenter.m in Sources */,
				4F7951491C86EE9000714108 /* MainViewController.m in Sources */,
				4FD730691D1015B7009C0EE7 /* CounterRepository.m in Sources */,
				4F7951291C86ED0000714108 /* main.m in Sources */,
			);
			runOnlyForDeploymentPostprocessing = 0;
		};
/* End PBXSourcesBuildPhase section */

/* Begin PBXVariantGroup section */
		4F7951351C86ED0000714108 /* LaunchScreen.storyboard */ = {
			isa = PBXVariantGroup;
			children = (
				4F7951361C86ED0000714108 /* Base */,
			);
			name = LaunchScreen.storyboard;
			sourceTree = "<group>";
		};
/* End PBXVariantGroup section */

/* Begin XCBuildConfiguration section */
		4F7951391C86ED0000714108 /* Debug */ = {
			isa = XCBuildConfiguration;
			buildSettings = {
				ALWAYS_SEARCH_USER_PATHS = NO;
				CLANG_CXX_LANGUAGE_STANDARD = "gnu++0x";
				CLANG_CXX_LIBRARY = "libc++";
				CLANG_ENABLE_MODULES = YES;
				CLANG_ENABLE_OBJC_ARC = YES;
				CLANG_WARN_BOOL_CONVERSION = YES;
				CLANG_WARN_CONSTANT_CONVERSION = YES;
				CLANG_WARN_DIRECT_OBJC_ISA_USAGE = YES_ERROR;
				CLANG_WARN_EMPTY_BODY = YES;
				CLANG_WARN_ENUM_CONVERSION = YES;
				CLANG_WARN_INT_CONVERSION = YES;
				CLANG_WARN_OBJC_ROOT_CLASS = YES_ERROR;
				CLANG_WARN_UNREACHABLE_CODE = YES;
				CLANG_WARN__DUPLICATE_METHOD_MATCH = YES;
				"CODE_SIGN_IDENTITY[sdk=iphoneos*]" = "iPhone Developer";
				COPY_PHASE_STRIP = NO;
				DEBUG_INFORMATION_FORMAT = dwarf;
				ENABLE_STRICT_OBJC_MSGSEND = YES;
				ENABLE_TESTABILITY = YES;
				GCC_C_LANGUAGE_STANDARD = gnu99;
				GCC_DYNAMIC_NO_PIC = NO;
				GCC_NO_COMMON_BLOCKS = YES;
				GCC_OPTIMIZATION_LEVEL = 0;
				GCC_PREPROCESSOR_DEFINITIONS = (
					"DEBUG=1",
					"$(inherited)",
				);
				GCC_WARN_64_TO_32_BIT_CONVERSION = YES;
				GCC_WARN_ABOUT_RETURN_TYPE = YES_ERROR;
				GCC_WARN_UNDECLARED_SELECTOR = YES;
				GCC_WARN_UNINITIALIZED_AUTOS = YES_AGGRESSIVE;
				GCC_WARN_UNUSED_FUNCTION = YES;
				GCC_WARN_UNUSED_VARIABLE = YES;
				IPHONEOS_DEPLOYMENT_TARGET = 9.2;
				MTL_ENABLE_DEBUG_INFO = YES;
				ONLY_ACTIVE_ARCH = YES;
				SDKROOT = iphoneos;
			};
			name = Debug;
		};
		4F79513A1C86ED0000714108 /* Release */ = {
			isa = XCBuildConfiguration;
			buildSettings = {
				ALWAYS_SEARCH_USER_PATHS = NO;
				CLANG_CXX_LANGUAGE_STANDARD = "gnu++0x";
				CLANG_CXX_LIBRARY = "libc++";
				CLANG_ENABLE_MODULES = YES;
				CLANG_ENABLE_OBJC_ARC = YES;
				CLANG_WARN_BOOL_CONVERSION = YES;
				CLANG_WARN_CONSTANT_CONVERSION = YES;
				CLANG_WARN_DIRECT_OBJC_ISA_USAGE = YES_ERROR;
				CLANG_WARN_EMPTY_BODY = YES;
				CLANG_WARN_ENUM_CONVERSION = YES;
				CLANG_WARN_INT_CONVERSION = YES;
				CLANG_WARN_OBJC_ROOT_CLASS = YES_ERROR;
				CLANG_WARN_UNREACHABLE_CODE = YES;
				CLANG_WARN__DUPLICATE_METHOD_MATCH = YES;
				"CODE_SIGN_IDENTITY[sdk=iphoneos*]" = "iPhone Developer";
				COPY_PHASE_STRIP = NO;
				DEBUG_INFORMATION_FORMAT = "dwarf-with-dsym";
				ENABLE_NS_ASSERTIONS = NO;
				ENABLE_STRICT_OBJC_MSGSEND = YES;
				GCC_C_LANGUAGE_STANDARD = gnu99;
				GCC_NO_COMMON_BLOCKS = YES;
				GCC_WARN_64_TO_32_BIT_CONVERSION = YES;
				GCC_WARN_ABOUT_RETURN_TYPE = YES_ERROR;
				GCC_WARN_UNDECLARED_SELECTOR = YES;
				GCC_WARN_UNINITIALIZED_AUTOS = YES_AGGRESSIVE;
				GCC_WARN_UNUSED_FUNCTION = YES;
				GCC_WARN_UNUSED_VARIABLE = YES;
				IPHONEOS_DEPLOYMENT_TARGET = 9.2;
				MTL_ENABLE_DEBUG_INFO = NO;
				SDKROOT = iphoneos;
				VALIDATE_PRODUCT = YES;
			};
			name = Release;
		};
		4F79513C1C86ED0000714108 /* Debug */ = {
			isa = XCBuildConfiguration;
			buildSettings = {
				ASSETCATALOG_COMPILER_APPICON_NAME = AppIcon;
				INFOPLIST_FILE = ios_objc_mvp_example/Info.plist;
				LD_RUNPATH_SEARCH_PATHS = "$(inherited) @executable_path/Frameworks";
				PRODUCT_BUNDLE_IDENTIFIER = "com.sanchezbf.ios-objc-mvp-example";
				PRODUCT_NAME = "$(TARGET_NAME)";
			};
			name = Debug;
		};
		4F79513D1C86ED0000714108 /* Release */ = {
			isa = XCBuildConfiguration;
			buildSettings = {
				ASSETCATALOG_COMPILER_APPICON_NAME = AppIcon;
				INFOPLIST_FILE = ios_objc_mvp_example/Info.plist;
				LD_RUNPATH_SEARCH_PATHS = "$(inherited) @executable_path/Frameworks";
				PRODUCT_BUNDLE_IDENTIFIER = "com.sanchezbf.ios-objc-mvp-example";
				PRODUCT_NAME = "$(TARGET_NAME)";
			};
			name = Release;
		};
/* End XCBuildConfiguration section */

/* Begin XCConfigurationList section */
		4F79511F1C86ED0000714108 /* Build configuration list for PBXProject "ios_objc_mvp_example" */ = {
			isa = XCConfigurationList;
			buildConfigurations = (
				4F7951391C86ED0000714108 /* Debug */,
				4F79513A1C86ED0000714108 /* Release */,
			);
			defaultConfigurationIsVisible = 0;
			defaultConfigurationName = Release;
		};
		4F79513B1C86ED0000714108 /* Build configuration list for PBXNativeTarget "ios_objc_mvp_example" */ = {
			isa = XCConfigurationList;
			buildConfigurations = (
				4F79513C1C86ED0000714108 /* Debug */,
				4F79513D1C86ED0000714108 /* Release */,
			);
			defaultConfigurationIsVisible = 0;
			defaultConfigurationName = Release;
		};
/* End XCConfigurationList section */
	};
	rootObject = 4F79511C1C86ED0000714108 /* Project object */;
}
